
Microsoft Visual Studio Solution File, Format Version 12.00
# Visual Studio Version 17
VisualStudioVersion = 17.0.31903.59
MinimumVisualStudioVersion = 10.0.40219.1
Project("{FAE04EC0-301F-11D3-BF4B-00C04F79EFBC}") = "ClassVsStruct", "ClassVsStruct\ClassVsStruct.csproj", "{3C4DE206-101F-46AD-8873-4B323F5B9AC3}"
EndProject
Project("{FAE04EC0-301F-11D3-BF4B-00C04F79EFBC}") = "MiniGame", "MiniGame\MiniGame.csproj", "{5AAC1522-0C3D-4465-814A-6F767F985CBA}"
EndProject
Project("{FAE04EC0-301F-11D3-BF4B-00C04F79EFBC}") = "Polimorfismo", "Polimorfismo\Polimorfismo.csproj", "{4EC86186-1D19-4BD9-BDDB-B1517112893A}"
EndProject
Project("{FAE04EC0-301F-11D3-BF4B-00C04F79EFBC}") = "GameUnit", "GameUnit\GameUnit.csproj", "{6EB28625-C2F2-43FC-AA8C-CC61D78CA29E}"
EndProject
Project("{FAE04EC0-301F-11D3-BF4B-00C04F79EFBC}") = "OverrideVsNew", "OverrideVsNew\OverrideVsNew.csproj", "{24C57E25-AA97-4870-BDDA-1690F6D4BF77}"
EndProject
Global
	GlobalSection(SolutionConfigurationPlatforms) = preSolution
		Debug|Any CPU = Debug|Any CPU
		Debug|x64 = Debug|x64
		Debug|x86 = Debug|x86
		Release|Any CPU = Release|Any CPU
		Release|x64 = Release|x64
		Release|x86 = Release|x86
	EndGlobalSection
	GlobalSection(ProjectConfigurationPlatforms) = postSolution
		{3C4DE206-101F-46AD-8873-4B323F5B9AC3}.Debug|Any CPU.ActiveCfg = Debug|Any CPU
		{3C4DE206-101F-46AD-8873-4B323F5B9AC3}.Debug|Any CPU.Build.0 = Debug|Any CPU
		{3C4DE206-101F-46AD-8873-4B323F5B9AC3}.Debug|x64.ActiveCfg = Debug|Any CPU
		{3C4DE206-101F-46AD-8873-4B323F5B9AC3}.Debug|x64.Build.0 = Debug|Any CPU
		{3C4DE206-101F-46AD-8873-4B323F5B9AC3}.Debug|x86.ActiveCfg = Debug|Any CPU
		{3C4DE206-101F-46AD-8873-4B323F5B9AC3}.Debug|x86.Build.0 = Debug|Any CPU
		{3C4DE206-101F-46AD-8873-4B323F5B9AC3}.Release|Any CPU.ActiveCfg = Release|Any CPU
		{3C4DE206-101F-46AD-8873-4B323F5B9AC3}.Release|Any CPU.Build.0 = Release|Any CPU
		{3C4DE206-101F-46AD-8873-4B323F5B9AC3}.Release|x64.ActiveCfg = Release|Any CPU
		{3C4DE206-101F-46AD-8873-4B323F5B9AC3}.Release|x64.Build.0 = Release|Any CPU
		{3C4DE206-101F-46AD-8873-4B323F5B9AC3}.Release|x86.ActiveCfg = Release|Any CPU
		{3C4DE206-101F-46AD-8873-4B323F5B9AC3}.Release|x86.Build.0 = Release|Any CPU
		{5AAC1522-0C3D-4465-814A-6F767F985CBA}.Debug|Any CPU.ActiveCfg = Debug|Any CPU
		{5AAC1522-0C3D-4465-814A-6F767F985CBA}.Debug|Any CPU.Build.0 = Debug|Any CPU
		{5AAC1522-0C3D-4465-814A-6F767F985CBA}.Debug|x64.ActiveCfg = Debug|Any CPU
		{5AAC1522-0C3D-4465-814A-6F767F985CBA}.Debug|x64.Build.0 = Debug|Any CPU
		{5AAC1522-0C3D-4465-814A-6F767F985CBA}.Debug|x86.ActiveCfg = Debug|Any CPU
		{5AAC1522-0C3D-4465-814A-6F767F985CBA}.Debug|x86.Build.0 = Debug|Any CPU
		{5AAC1522-0C3D-4465-814A-6F767F985CBA}.Release|Any CPU.ActiveCfg = Release|Any CPU
		{5AAC1522-0C3D-4465-814A-6F767F985CBA}.Release|Any CPU.Build.0 = Release|Any CPU
		{5AAC1522-0C3D-4465-814A-6F767F985CBA}.Release|x64.ActiveCfg = Release|Any CPU
		{5AAC1522-0C3D-4465-814A-6F767F985CBA}.Release|x64.Build.0 = Release|Any CPU
		{5AAC1522-0C3D-4465-814A-6F767F985CBA}.Release|x86.ActiveCfg = Release|Any CPU
		{5AAC1522-0C3D-4465-814A-6F767F985CBA}.Release|x86.Build.0 = Release|Any CPU
		{4EC86186-1D19-4BD9-BDDB-B1517112893A}.Debug|Any CPU.ActiveCfg = Debug|Any CPU
		{4EC86186-1D19-4BD9-BDDB-B1517112893A}.Debug|Any CPU.Build.0 = Debug|Any CPU
		{4EC86186-1D19-4BD9-BDDB-B1517112893A}.Debug|x64.ActiveCfg = Debug|Any CPU
		{4EC86186-1D19-4BD9-BDDB-B1517112893A}.Debug|x64.Build.0 = Debug|Any CPU
		{4EC86186-1D19-4BD9-BDDB-B1517112893A}.Debug|x86.ActiveCfg = Debug|Any CPU
		{4EC86186-1D19-4BD9-BDDB-B1517112893A}.Debug|x86.Build.0 = Debug|Any CPU
		{4EC86186-1D19-4BD9-BDDB-B1517112893A}.Release|Any CPU.ActiveCfg = Release|Any CPU
		{4EC86186-1D19-4BD9-BDDB-B1517112893A}.Release|Any CPU.Build.0 = Release|Any CPU
		{4EC86186-1D19-4BD9-BDDB-B1517112893A}.Release|x64.ActiveCfg = Release|Any CPU
		{4EC86186-1D19-4BD9-BDDB-B1517112893A}.Release|x64.Build.0 = Release|Any CPU
		{4EC86186-1D19-4BD9-BDDB-B1517112893A}.Release|x86.ActiveCfg = Release|Any CPU
		{4EC86186-1D19-4BD9-BDDB-B1517112893A}.Release|x86.Build.0 = Release|Any CPU
		{6EB28625-C2F2-43FC-AA8C-CC61D78CA29E}.Debug|Any CPU.ActiveCfg = Debug|Any CPU
		{6EB28625-C2F2-43FC-AA8C-CC61D78CA29E}.Debug|Any CPU.Build.0 = Debug|Any CPU
		{6EB28625-C2F2-43FC-AA8C-CC61D78CA29E}.Debug|x64.ActiveCfg = Debug|Any CPU
		{6EB28625-C2F2-43FC-AA8C-CC61D78CA29E}.Debug|x64.Build.0 = Debug|Any CPU
		{6EB28625-C2F2-43FC-AA8C-CC61D78CA29E}.Debug|x86.ActiveCfg = Debug|Any CPU
		{6EB28625-C2F2-43FC-AA8C-CC61D78CA29E}.Debug|x86.Build.0 = Debug|Any CPU
		{6EB28625-C2F2-43FC-AA8C-CC61D78CA29E}.Release|Any CPU.ActiveCfg = Release|Any CPU
		{6EB28625-C2F2-43FC-AA8C-CC61D78CA29E}.Release|Any CPU.Build.0 = Release|Any CPU
		{6EB28625-C2F2-43FC-AA8C-CC61D78CA29E}.Release|x64.ActiveCfg = Release|Any CPU
		{6EB28625-C2F2-43FC-AA8C-CC61D78CA29E}.Release|x64.Build.0 = Release|Any CPU
		{6EB28625-C2F2-43FC-AA8C-CC61D78CA29E}.Release|x86.ActiveCfg = Release|Any CPU
		{6EB28625-C2F2-43FC-AA8C-CC61D78CA29E}.Release|x86.Build.0 = Release|Any CPU
		{24C57E25-AA97-4870-BDDA-1690F6D4BF77}.Debug|Any CPU.ActiveCfg = Debug|Any CPU
		{24C57E25-AA97-4870-BDDA-1690F6D4BF77}.Debug|Any CPU.Build.0 = Debug|Any CPU
		{24C57E25-AA97-4870-BDDA-1690F6D4BF77}.Debug|x64.ActiveCfg = Debug|Any CPU
		{24C57E25-AA97-4870-BDDA-1690F6D4BF77}.Debug|x64.Build.0 = Debug|Any CPU
		{24C57E25-AA97-4870-BDDA-1690F6D4BF77}.Debug|x86.ActiveCfg = Debug|Any CPU
		{24C57E25-AA97-4870-BDDA-1690F6D4BF77}.Debug|x86.Build.0 = Debug|Any CPU
		{24C57E25-AA97-4870-BDDA-1690F6D4BF77}.Release|Any CPU.ActiveCfg = Release|Any CPU
		{24C57E25-AA97-4870-BDDA-1690F6D4BF77}.Release|Any CPU.Build.0 = Release|Any CPU
		{24C57E25-AA97-4870-BDDA-1690F6D4BF77}.Release|x64.ActiveCfg = Release|Any CPU
		{24C57E25-AA97-4870-BDDA-1690F6D4BF77}.Release|x64.Build.0 = Release|Any CPU
		{24C57E25-AA97-4870-BDDA-1690F6D4BF77}.Release|x86.ActiveCfg = Release|Any CPU
		{24C57E25-AA97-4870-BDDA-1690F6D4BF77}.Release|x86.Build.0 = Release|Any CPU
	EndGlobalSection
	GlobalSection(SolutionProperties) = preSolution
		HideSolutionNode = FALSE
	EndGlobalSection
EndGlobal
